
Microsoft Visual Studio Solution File, Format Version 12.00
# Visual Studio Version 17
VisualStudioVersion = 17.7.34031.279
MinimumVisualStudioVersion = 10.0.40219.1
Project("{FAE04EC0-301F-11D3-BF4B-00C04F79EFBC}") = "Project2_4", "Project2_4\Project2_4.csproj", "{6DDECC01-9999-4B1C-B942-A2BFF7E6FFF4}"
EndProject
Global
	GlobalSection(SolutionConfigurationPlatforms) = preSolution
		Debug|Any CPU = Debug|Any CPU
		Release|Any CPU = Release|Any CPU
	EndGlobalSection
	GlobalSection(ProjectConfigurationPlatforms) = postSolution
		{6DDECC01-9999-4B1C-B942-A2BFF7E6FFF4}.Debug|Any CPU.ActiveCfg = Debug|Any CPU
		{6DDECC01-9999-4B1C-B942-A2BFF7E6FFF4}.Debug|Any CPU.Build.0 = Debug|Any CPU
		{6DDECC01-9999-4B1C-B942-A2BFF7E6FFF4}.Release|Any CPU.ActiveCfg = Release|Any CPU
		{6DDECC01-9999-4B1C-B942-A2BFF7E6FFF4}.Release|Any CPU.Build.0 = Release|Any CPU
	EndGlobalSection
	GlobalSection(SolutionProperties) = preSolution
		HideSolutionNode = FALSE
	EndGlobalSection
	GlobalSection(ExtensibilityGlobals) = postSolution
		SolutionGuid = {A2ADDC42-628D-4406-9F72-3471AE7A8EC1}
	EndGlobalSection
EndGlobal
